{
  "name": "task_03",
  "version": "1.0.0",
  "lockfileVersion": 3,
  "requires": true,
  "packages": {
    "": {
      "name": "task_03",
      "version": "1.0.0",
      "dependencies": {
        "e_rpn_vm": "^1.0.0"
      }
    },
    "node_modules/e_rpn_vm": {
      "version": "1.0.0",
      "resolved": "https://registry.npmjs.org/e_rpn_vm/-/e_rpn_vm-1.0.0.tgz",
      "integrity": "sha512-NbuOxCYJ3qEHjoEPV5JAmbGKj9h2ovQ1qyuHKJsBQHXGZUs89VaMeAjNWSr/9qo/A4mcAWrb0zyP/hC0kCfuNw=="
    }
  }
}
